
Microsoft Visual Studio Solution File, Format Version 12.00
# Visual Studio Version 17
VisualStudioVersion = 17.6.33723.286
MinimumVisualStudioVersion = 10.0.40219.1
Project("{9A19103F-16F7-4668-BE54-9A1E7A4F7556}") = "Estoque", "Estoque.csproj", "{56A8C4EB-3A3C-4301-86DE-DFEFC385963A}"
EndProject
Project("{FAE04EC0-301F-11D3-BF4B-00C04F79EFBC}") = "Estoque.Domain", "..\Estoque.Domain\Estoque.Domain.csproj", "{80BAD829-0630-443D-A6EF-68480FB8B648}"
EndProject
Global
	GlobalSection(SolutionConfigurationPlatforms) = preSolution
		Debug|Any CPU = Debug|Any CPU
		Release|Any CPU = Release|Any CPU
	EndGlobalSection
	GlobalSection(ProjectConfigurationPlatforms) = postSolution
		{56A8C4EB-3A3C-4301-86DE-DFEFC385963A}.Debug|Any CPU.ActiveCfg = Debug|Any CPU
		{56A8C4EB-3A3C-4301-86DE-DFEFC385963A}.Debug|Any CPU.Build.0 = Debug|Any CPU
		{56A8C4EB-3A3C-4301-86DE-DFEFC385963A}.Release|Any CPU.ActiveCfg = Release|Any CPU
		{56A8C4EB-3A3C-4301-86DE-DFEFC385963A}.Release|Any CPU.Build.0 = Release|Any CPU
		{80BAD829-0630-443D-A6EF-68480FB8B648}.Debug|Any CPU.ActiveCfg = Debug|Any CPU
		{80BAD829-0630-443D-A6EF-68480FB8B648}.Debug|Any CPU.Build.0 = Debug|Any CPU
		{80BAD829-0630-443D-A6EF-68480FB8B648}.Release|Any CPU.ActiveCfg = Release|Any CPU
		{80BAD829-0630-443D-A6EF-68480FB8B648}.Release|Any CPU.Build.0 = Release|Any CPU
	EndGlobalSection
	GlobalSection(SolutionProperties) = preSolution
		HideSolutionNode = FALSE
	EndGlobalSection
	GlobalSection(ExtensibilityGlobals) = postSolution
		SolutionGuid = {D6E000B6-3305-41FB-A641-409D2B100A8E}
	EndGlobalSection
EndGlobal
